
Microsoft Visual Studio Solution File, Format Version 12.00
# Visual Studio Version 16
VisualStudioVersion = 16.0.808.8
MinimumVisualStudioVersion = 10.0.40219.1
Project("{FAE04EC0-301F-11D3-BF4B-00C04F79EFBC}") = "Assignment2-N01454853", "zxczx\Assignment2-N01454853.csproj", "{6E9AF863-C175-4293-814D-B1E09F57F262}"
EndProject
Global
	GlobalSection(SolutionConfigurationPlatforms) = preSolution
		Debug|Any CPU = Debug|Any CPU
		Release|Any CPU = Release|Any CPU
	EndGlobalSection
	GlobalSection(ProjectConfigurationPlatforms) = postSolution
		{6E9AF863-C175-4293-814D-B1E09F57F262}.Debug|Any CPU.ActiveCfg = Debug|Any CPU
		{6E9AF863-C175-4293-814D-B1E09F57F262}.Debug|Any CPU.Build.0 = Debug|Any CPU
		{6E9AF863-C175-4293-814D-B1E09F57F262}.Release|Any CPU.ActiveCfg = Release|Any CPU
		{6E9AF863-C175-4293-814D-B1E09F57F262}.Release|Any CPU.Build.0 = Release|Any CPU
	EndGlobalSection
	GlobalSection(SolutionProperties) = preSolution
		HideSolutionNode = FALSE
	EndGlobalSection
	GlobalSection(ExtensibilityGlobals) = postSolution
		SolutionGuid = {B9ED29FD-FDEA-49D4-9BC8-33160C8B201F}
	EndGlobalSection
EndGlobal
